// !$*UTF8*$!
{
	archiveVersion = 1;
	classes = {
	};
	objectVersion = 50;
	objects = {

/* Begin PBXBuildFile section */
		695C110525D10CF500F45D70 /* PlayerGroup.swift in Sources */ = {isa = PBXBuildFile; fileRef = 695C110425D10CF500F45D70 /* PlayerGroup.swift */; };
		695C111E25D220D000F45D70 /* BlackOrRedView.swift in Sources */ = {isa = PBXBuildFile; fileRef = 695C111D25D220D000F45D70 /* BlackOrRedView.swift */; };
		695C114825D2831700F45D70 /* Helper.swift in Sources */ = {isa = PBXBuildFile; fileRef = 695C114725D2831700F45D70 /* Helper.swift */; };
		695C114D25D2836A00F45D70 /* ViewRouter.swift in Sources */ = {isa = PBXBuildFile; fileRef = 695C114C25D2836A00F45D70 /* ViewRouter.swift */; };
		695C115225D2839800F45D70 /* MotherView.swift in Sources */ = {isa = PBXBuildFile; fileRef = 695C115125D2839800F45D70 /* MotherView.swift */; };
		695C115725D283F800F45D70 /* RideTheDrinkingGameApp.swift in Sources */ = {isa = PBXBuildFile; fileRef = 695C115625D283F800F45D70 /* RideTheDrinkingGameApp.swift */; };
		695C116525D292B700F45D70 /* GreaterOrLessView.swift in Sources */ = {isa = PBXBuildFile; fileRef = 695C116425D292B700F45D70 /* GreaterOrLessView.swift */; };
		695C116A25D29FD600F45D70 /* InsideOrOutsideView.swift in Sources */ = {isa = PBXBuildFile; fileRef = 695C116925D29FD600F45D70 /* InsideOrOutsideView.swift */; };
		695C116F25D2B3BF00F45D70 /* PickSuitView.swift in Sources */ = {isa = PBXBuildFile; fileRef = 695C116E25D2B3BF00F45D70 /* PickSuitView.swift */; };
		695C117425D2BA2800F45D70 /* PlayerHandsView.swift in Sources */ = {isa = PBXBuildFile; fileRef = 695C117325D2BA2800F45D70 /* PlayerHandsView.swift */; };
		695C117E25D3428400F45D70 /* CardModel.swift in Sources */ = {isa = PBXBuildFile; fileRef = 695C117D25D3428400F45D70 /* CardModel.swift */; };
		695C118625D3449100F45D70 /* CardData.swift in Sources */ = {isa = PBXBuildFile; fileRef = 695C118525D3449100F45D70 /* CardData.swift */; };
		695C118B25D34E2500F45D70 /* DeckModel.swift in Sources */ = {isa = PBXBuildFile; fileRef = 695C118A25D34E2500F45D70 /* DeckModel.swift */; };
		695C119325D3604500F45D70 /* PlayerModel.swift in Sources */ = {isa = PBXBuildFile; fileRef = 695C119225D3604500F45D70 /* PlayerModel.swift */; };
		695C11A125D3A4DB00F45D70 /* AddPlayersView.swift in Sources */ = {isa = PBXBuildFile; fileRef = 695C11A025D3A4DB00F45D70 /* AddPlayersView.swift */; };
		69BA6F6E25CDF98600228B01 /* AppDelegate.swift in Sources */ = {isa = PBXBuildFile; fileRef = 69BA6F6D25CDF98600228B01 /* AppDelegate.swift */; };
		69BA6F7025CDF98600228B01 /* GameScene.sks in Resources */ = {isa = PBXBuildFile; fileRef = 69BA6F6F25CDF98600228B01 /* GameScene.sks */; };
		69BA6F7225CDF98600228B01 /* Actions.sks in Resources */ = {isa = PBXBuildFile; fileRef = 69BA6F7125CDF98600228B01 /* Actions.sks */; };
		69BA6F7425CDF98600228B01 /* GameScene.swift in Sources */ = {isa = PBXBuildFile; fileRef = 69BA6F7325CDF98600228B01 /* GameScene.swift */; };
		69BA6F7925CDF98600228B01 /* Main.storyboard in Resources */ = {isa = PBXBuildFile; fileRef = 69BA6F7725CDF98600228B01 /* Main.storyboard */; };
		69BA6F7B25CDF98D00228B01 /* Assets.xcassets in Resources */ = {isa = PBXBuildFile; fileRef = 69BA6F7A25CDF98D00228B01 /* Assets.xcassets */; };
		69BA6F8625CDF98E00228B01 /* RideTheBusDrinkingGameTests.swift in Sources */ = {isa = PBXBuildFile; fileRef = 69BA6F8525CDF98E00228B01 /* RideTheBusDrinkingGameTests.swift */; };
		69BA6F9125CDF98E00228B01 /* RideTheBusDrinkingGameUITests.swift in Sources */ = {isa = PBXBuildFile; fileRef = 69BA6F9025CDF98E00228B01 /* RideTheBusDrinkingGameUITests.swift */; };
		69BA6FDA25CEA84300228B01 /* Launch Screen.storyboard in Resources */ = {isa = PBXBuildFile; fileRef = 69BA6FD925CEA84300228B01 /* Launch Screen.storyboard */; };
		69BA701125D0A90100228B01 /* PlayingCard.swift in Sources */ = {isa = PBXBuildFile; fileRef = 69BA701025D0A90100228B01 /* PlayingCard.swift */; };
		69BA701B25D0AD5F00228B01 /* PlayingCardDeck.swift in Sources */ = {isa = PBXBuildFile; fileRef = 69BA701A25D0AD5F00228B01 /* PlayingCardDeck.swift */; };
		69BA703F25D0E73400228B01 /* Player.swift in Sources */ = {isa = PBXBuildFile; fileRef = 69BA703E25D0E73400228B01 /* Player.swift */; };
/* End PBXBuildFile section */

/* Begin PBXContainerItemProxy section */
		69BA6F8225CDF98E00228B01 /* PBXContainerItemProxy */ = {
			isa = PBXContainerItemProxy;
			containerPortal = 69BA6F6225CDF98500228B01 /* Project object */;
			proxyType = 1;
			remoteGlobalIDString = 69BA6F6925CDF98600228B01;
			remoteInfo = RideTheBusDrinkingGame;
		};
		69BA6F8D25CDF98E00228B01 /* PBXContainerItemProxy */ = {
			isa = PBXContainerItemProxy;
			containerPortal = 69BA6F6225CDF98500228B01 /* Project object */;
			proxyType = 1;
			remoteGlobalIDString = 69BA6F6925CDF98600228B01;
			remoteInfo = RideTheBusDrinkingGame;
		};
/* End PBXContainerItemProxy section */

/* Begin PBXFileReference section */
		695C110425D10CF500F45D70 /* PlayerGroup.swift */ = {isa = PBXFileReference; lastKnownFileType = sourcecode.swift; path = PlayerGroup.swift; sourceTree = "<group>"; };
		695C111D25D220D000F45D70 /* BlackOrRedView.swift */ = {isa = PBXFileReference; lastKnownFileType = sourcecode.swift; path = BlackOrRedView.swift; sourceTree = "<group>"; };
		695C114725D2831700F45D70 /* Helper.swift */ = {isa = PBXFileReference; lastKnownFileType = sourcecode.swift; path = Helper.swift; sourceTree = "<group>"; };
		695C114C25D2836A00F45D70 /* ViewRouter.swift */ = {isa = PBXFileReference; lastKnownFileType = sourcecode.swift; path = ViewRouter.swift; sourceTree = "<group>"; };
		695C115125D2839800F45D70 /* MotherView.swift */ = {isa = PBXFileReference; lastKnownFileType = sourcecode.swift; path = MotherView.swift; sourceTree = "<group>"; };
		695C115625D283F800F45D70 /* RideTheDrinkingGameApp.swift */ = {isa = PBXFileReference; lastKnownFileType = sourcecode.swift; path = RideTheDrinkingGameApp.swift; sourceTree = "<group>"; };
		695C116425D292B700F45D70 /* GreaterOrLessView.swift */ = {isa = PBXFileReference; lastKnownFileType = sourcecode.swift; path = GreaterOrLessView.swift; sourceTree = "<group>"; };
		695C116925D29FD600F45D70 /* InsideOrOutsideView.swift */ = {isa = PBXFileReference; lastKnownFileType = sourcecode.swift; path = InsideOrOutsideView.swift; sourceTree = "<group>"; };
		695C116E25D2B3BF00F45D70 /* PickSuitView.swift */ = {isa = PBXFileReference; lastKnownFileType = sourcecode.swift; path = PickSuitView.swift; sourceTree = "<group>"; };
		695C117325D2BA2800F45D70 /* PlayerHandsView.swift */ = {isa = PBXFileReference; lastKnownFileType = sourcecode.swift; path = PlayerHandsView.swift; sourceTree = "<group>"; };
		695C117D25D3428400F45D70 /* CardModel.swift */ = {isa = PBXFileReference; lastKnownFileType = sourcecode.swift; path = CardModel.swift; sourceTree = "<group>"; };
		695C118525D3449100F45D70 /* CardData.swift */ = {isa = PBXFileReference; lastKnownFileType = sourcecode.swift; path = CardData.swift; sourceTree = "<group>"; };
		695C118A25D34E2500F45D70 /* DeckModel.swift */ = {isa = PBXFileReference; lastKnownFileType = sourcecode.swift; path = DeckModel.swift; sourceTree = "<group>"; };
		695C119225D3604500F45D70 /* PlayerModel.swift */ = {isa = PBXFileReference; lastKnownFileType = sourcecode.swift; path = PlayerModel.swift; sourceTree = "<group>"; };
		695C11A025D3A4DB00F45D70 /* AddPlayersView.swift */ = {isa = PBXFileReference; lastKnownFileType = sourcecode.swift; path = AddPlayersView.swift; sourceTree = "<group>"; };
		69BA6F6A25CDF98600228B01 /* RideTheBusDrinkingGame.app */ = {isa = PBXFileReference; explicitFileType = wrapper.application; includeInIndex = 0; path = RideTheBusDrinkingGame.app; sourceTree = BUILT_PRODUCTS_DIR; };
		69BA6F6D25CDF98600228B01 /* AppDelegate.swift */ = {isa = PBXFileReference; lastKnownFileType = sourcecode.swift; path = AppDelegate.swift; sourceTree = "<group>"; };
		69BA6F6F25CDF98600228B01 /* GameScene.sks */ = {isa = PBXFileReference; lastKnownFileType = file.sks; path = GameScene.sks; sourceTree = "<group>"; };
		69BA6F7125CDF98600228B01 /* Actions.sks */ = {isa = PBXFileReference; lastKnownFileType = file.sks; path = Actions.sks; sourceTree = "<group>"; };
		69BA6F7325CDF98600228B01 /* GameScene.swift */ = {isa = PBXFileReference; lastKnownFileType = sourcecode.swift; path = GameScene.swift; sourceTree = "<group>"; };
		69BA6F7825CDF98600228B01 /* Base */ = {isa = PBXFileReference; lastKnownFileType = file.storyboard; name = Base; path = Base.lproj/Main.storyboard; sourceTree = "<group>"; };
		69BA6F7A25CDF98D00228B01 /* Assets.xcassets */ = {isa = PBXFileReference; lastKnownFileType = folder.assetcatalog; path = Assets.xcassets; sourceTree = "<group>"; };
		69BA6F7C25CDF98D00228B01 /* Info.plist */ = {isa = PBXFileReference; lastKnownFileType = text.plist.xml; path = Info.plist; sourceTree = "<group>"; };
		69BA6F8125CDF98E00228B01 /* RideTheBusDrinkingGameTests.xctest */ = {isa = PBXFileReference; explicitFileType = wrapper.cfbundle; includeInIndex = 0; path = RideTheBusDrinkingGameTests.xctest; sourceTree = BUILT_PRODUCTS_DIR; };
		69BA6F8525CDF98E00228B01 /* RideTheBusDrinkingGameTests.swift */ = {isa = PBXFileReference; lastKnownFileType = sourcecode.swift; path = RideTheBusDrinkingGameTests.swift; sourceTree = "<group>"; };
		69BA6F8725CDF98E00228B01 /* Info.plist */ = {isa = PBXFileReference; lastKnownFileType = text.plist.xml; path = Info.plist; sourceTree = "<group>"; };
		69BA6F8C25CDF98E00228B01 /* RideTheBusDrinkingGameUITests.xctest */ = {isa = PBXFileReference; explicitFileType = wrapper.cfbundle; includeInIndex = 0; path = RideTheBusDrinkingGameUITests.xctest; sourceTree = BUILT_PRODUCTS_DIR; };
		69BA6F9025CDF98E00228B01 /* RideTheBusDrinkingGameUITests.swift */ = {isa = PBXFileReference; lastKnownFileType = sourcecode.swift; path = RideTheBusDrinkingGameUITests.swift; sourceTree = "<group>"; };
		69BA6F9225CDF98E00228B01 /* Info.plist */ = {isa = PBXFileReference; lastKnownFileType = text.plist.xml; path = Info.plist; sourceTree = "<group>"; };
		69BA6FD925CEA84300228B01 /* Launch Screen.storyboard */ = {isa = PBXFileReference; lastKnownFileType = file.storyboard; path = "Launch Screen.storyboard"; sourceTree = "<group>"; };
		69BA701025D0A90100228B01 /* PlayingCard.swift */ = {isa = PBXFileReference; lastKnownFileType = sourcecode.swift; path = PlayingCard.swift; sourceTree = "<group>"; };
		69BA701A25D0AD5F00228B01 /* PlayingCardDeck.swift */ = {isa = PBXFileReference; lastKnownFileType = sourcecode.swift; path = PlayingCardDeck.swift; sourceTree = "<group>"; };
		69BA703E25D0E73400228B01 /* Player.swift */ = {isa = PBXFileReference; lastKnownFileType = sourcecode.swift; path = Player.swift; sourceTree = "<group>"; };
/* End PBXFileReference section */

/* Begin PBXFrameworksBuildPhase section */
		69BA6F6725CDF98600228B01 /* Frameworks */ = {
			isa = PBXFrameworksBuildPhase;
			buildActionMask = 2147483647;
			files = (
			);
			runOnlyForDeploymentPostprocessing = 0;
		};
		69BA6F7E25CDF98E00228B01 /* Frameworks */ = {
			isa = PBXFrameworksBuildPhase;
			buildActionMask = 2147483647;
			files = (
			);
			runOnlyForDeploymentPostprocessing = 0;
		};
		69BA6F8925CDF98E00228B01 /* Frameworks */ = {
			isa = PBXFrameworksBuildPhase;
			buildActionMask = 2147483647;
			files = (
			);
			runOnlyForDeploymentPostprocessing = 0;
		};
/* End PBXFrameworksBuildPhase section */

/* Begin PBXGroup section */
		695C111125D2207900F45D70 /* Views */ = {
			isa = PBXGroup;
			children = (
				695C111D25D220D000F45D70 /* BlackOrRedView.swift */,
				695C115125D2839800F45D70 /* MotherView.swift */,
				695C115625D283F800F45D70 /* RideTheDrinkingGameApp.swift */,
				695C116425D292B700F45D70 /* GreaterOrLessView.swift */,
				695C116925D29FD600F45D70 /* InsideOrOutsideView.swift */,
				695C116E25D2B3BF00F45D70 /* PickSuitView.swift */,
				695C117325D2BA2800F45D70 /* PlayerHandsView.swift */,
				695C11A025D3A4DB00F45D70 /* AddPlayersView.swift */,
			);
			path = Views;
			sourceTree = "<group>";
		};
		69BA6F6125CDF98500228B01 = {
			isa = PBXGroup;
			children = (
				69BA6F6C25CDF98600228B01 /* RideTheBusDrinkingGame */,
				69BA6F8425CDF98E00228B01 /* RideTheBusDrinkingGameTests */,
				69BA6F8F25CDF98E00228B01 /* RideTheBusDrinkingGameUITests */,
				69BA6F6B25CDF98600228B01 /* Products */,
			);
			sourceTree = "<group>";
		};
		69BA6F6B25CDF98600228B01 /* Products */ = {
			isa = PBXGroup;
			children = (
				69BA6F6A25CDF98600228B01 /* RideTheBusDrinkingGame.app */,
				69BA6F8125CDF98E00228B01 /* RideTheBusDrinkingGameTests.xctest */,
				69BA6F8C25CDF98E00228B01 /* RideTheBusDrinkingGameUITests.xctest */,
			);
			name = Products;
			sourceTree = "<group>";
		};
		69BA6F6C25CDF98600228B01 /* RideTheBusDrinkingGame */ = {
			isa = PBXGroup;
			children = (
				695C111125D2207900F45D70 /* Views */,
				69BA701F25D0B1DF00228B01 /* Resources */,
				69BA6FFF25D0A6CA00228B01 /* Model */,
				69BA6F6D25CDF98600228B01 /* AppDelegate.swift */,
				69BA6F7C25CDF98D00228B01 /* Info.plist */,
				69BA6F7725CDF98600228B01 /* Main.storyboard */,
				69BA6F7325CDF98600228B01 /* GameScene.swift */,
				69BA6F6F25CDF98600228B01 /* GameScene.sks */,
				69BA6F7125CDF98600228B01 /* Actions.sks */,
				69BA6F7A25CDF98D00228B01 /* Assets.xcassets */,
				69BA6FD925CEA84300228B01 /* Launch Screen.storyboard */,
			);
			path = RideTheBusDrinkingGame;
			sourceTree = "<group>";
		};
		69BA6F8425CDF98E00228B01 /* RideTheBusDrinkingGameTests */ = {
			isa = PBXGroup;
			children = (
				69BA6F8525CDF98E00228B01 /* RideTheBusDrinkingGameTests.swift */,
				69BA6F8725CDF98E00228B01 /* Info.plist */,
			);
			path = RideTheBusDrinkingGameTests;
			sourceTree = "<group>";
		};
		69BA6F8F25CDF98E00228B01 /* RideTheBusDrinkingGameUITests */ = {
			isa = PBXGroup;
			children = (
				69BA6F9025CDF98E00228B01 /* RideTheBusDrinkingGameUITests.swift */,
				69BA6F9225CDF98E00228B01 /* Info.plist */,
			);
			path = RideTheBusDrinkingGameUITests;
			sourceTree = "<group>";
		};
		69BA6FFF25D0A6CA00228B01 /* Model */ = {
			isa = PBXGroup;
			children = (
				69BA701025D0A90100228B01 /* PlayingCard.swift */,
				69BA701A25D0AD5F00228B01 /* PlayingCardDeck.swift */,
				69BA703E25D0E73400228B01 /* Player.swift */,
				695C110425D10CF500F45D70 /* PlayerGroup.swift */,
				695C117D25D3428400F45D70 /* CardModel.swift */,
				695C118525D3449100F45D70 /* CardData.swift */,
				695C118A25D34E2500F45D70 /* DeckModel.swift */,
				695C119225D3604500F45D70 /* PlayerModel.swift */,
			);
			path = Model;
			sourceTree = "<group>";
		};
		69BA701F25D0B1DF00228B01 /* Resources */ = {
			isa = PBXGroup;
			children = (
				695C114725D2831700F45D70 /* Helper.swift */,
				695C114C25D2836A00F45D70 /* ViewRouter.swift */,
			);
			path = Resources;
			sourceTree = "<group>";
		};
/* End PBXGroup section */

/* Begin PBXNativeTarget section */
		69BA6F6925CDF98600228B01 /* RideTheBusDrinkingGame */ = {
			isa = PBXNativeTarget;
			buildConfigurationList = 69BA6F9525CDF98E00228B01 /* Build configuration list for PBXNativeTarget "RideTheBusDrinkingGame" */;
			buildPhases = (
				69BA6F6625CDF98600228B01 /* Sources */,
				69BA6F6725CDF98600228B01 /* Frameworks */,
				69BA6F6825CDF98600228B01 /* Resources */,
			);
			buildRules = (
			);
			dependencies = (
			);
			name = RideTheBusDrinkingGame;
			productName = RideTheBusDrinkingGame;
			productReference = 69BA6F6A25CDF98600228B01 /* RideTheBusDrinkingGame.app */;
			productType = "com.apple.product-type.application";
		};
		69BA6F8025CDF98E00228B01 /* RideTheBusDrinkingGameTests */ = {
			isa = PBXNativeTarget;
			buildConfigurationList = 69BA6F9825CDF98E00228B01 /* Build configuration list for PBXNativeTarget "RideTheBusDrinkingGameTests" */;
			buildPhases = (
				69BA6F7D25CDF98E00228B01 /* Sources */,
				69BA6F7E25CDF98E00228B01 /* Frameworks */,
				69BA6F7F25CDF98E00228B01 /* Resources */,
			);
			buildRules = (
			);
			dependencies = (
				69BA6F8325CDF98E00228B01 /* PBXTargetDependency */,
			);
			name = RideTheBusDrinkingGameTests;
			productName = RideTheBusDrinkingGameTests;
			productReference = 69BA6F8125CDF98E00228B01 /* RideTheBusDrinkingGameTests.xctest */;
			productType = "com.apple.product-type.bundle.unit-test";
		};
		69BA6F8B25CDF98E00228B01 /* RideTheBusDrinkingGameUITests */ = {
			isa = PBXNativeTarget;
			buildConfigurationList = 69BA6F9B25CDF98E00228B01 /* Build configuration list for PBXNativeTarget "RideTheBusDrinkingGameUITests" */;
			buildPhases = (
				69BA6F8825CDF98E00228B01 /* Sources */,
				69BA6F8925CDF98E00228B01 /* Frameworks */,
				69BA6F8A25CDF98E00228B01 /* Resources */,
			);
			buildRules = (
			);
			dependencies = (
				69BA6F8E25CDF98E00228B01 /* PBXTargetDependency */,
			);
			name = RideTheBusDrinkingGameUITests;
			productName = RideTheBusDrinkingGameUITests;
			productReference = 69BA6F8C25CDF98E00228B01 /* RideTheBusDrinkingGameUITests.xctest */;
			productType = "com.apple.product-type.bundle.ui-testing";
		};
/* End PBXNativeTarget section */

/* Begin PBXProject section */
		69BA6F6225CDF98500228B01 /* Project object */ = {
			isa = PBXProject;
			attributes = {
				LastSwiftUpdateCheck = 1240;
				LastUpgradeCheck = 1240;
				TargetAttributes = {
					69BA6F6925CDF98600228B01 = {
						CreatedOnToolsVersion = 12.4;
						LastSwiftMigration = 1240;
					};
					69BA6F8025CDF98E00228B01 = {
						CreatedOnToolsVersion = 12.4;
						TestTargetID = 69BA6F6925CDF98600228B01;
					};
					69BA6F8B25CDF98E00228B01 = {
						CreatedOnToolsVersion = 12.4;
						TestTargetID = 69BA6F6925CDF98600228B01;
					};
				};
			};
			buildConfigurationList = 69BA6F6525CDF98500228B01 /* Build configuration list for PBXProject "RideTheBusDrinkingGame" */;
			compatibilityVersion = "Xcode 9.3";
			developmentRegion = en;
			hasScannedForEncodings = 0;
			knownRegions = (
				en,
				Base,
			);
			mainGroup = 69BA6F6125CDF98500228B01;
			productRefGroup = 69BA6F6B25CDF98600228B01 /* Products */;
			projectDirPath = "";
			projectRoot = "";
			targets = (
				69BA6F6925CDF98600228B01 /* RideTheBusDrinkingGame */,
				69BA6F8025CDF98E00228B01 /* RideTheBusDrinkingGameTests */,
				69BA6F8B25CDF98E00228B01 /* RideTheBusDrinkingGameUITests */,
			);
		};
/* End PBXProject section */

/* Begin PBXResourcesBuildPhase section */
		69BA6F6825CDF98600228B01 /* Resources */ = {
			isa = PBXResourcesBuildPhase;
			buildActionMask = 2147483647;
			files = (
				69BA6F7925CDF98600228B01 /* Main.storyboard in Resources */,
				69BA6F7025CDF98600228B01 /* GameScene.sks in Resources */,
				69BA6F7B25CDF98D00228B01 /* Assets.xcassets in Resources */,
				69BA6FDA25CEA84300228B01 /* Launch Screen.storyboard in Resources */,
				69BA6F7225CDF98600228B01 /* Actions.sks in Resources */,
			);
			runOnlyForDeploymentPostprocessing = 0;
		};
		69BA6F7F25CDF98E00228B01 /* Resources */ = {
			isa = PBXResourcesBuildPhase;
			buildActionMask = 2147483647;
			files = (
			);
			runOnlyForDeploymentPostprocessing = 0;
		};
		69BA6F8A25CDF98E00228B01 /* Resources */ = {
			isa = PBXResourcesBuildPhase;
			buildActionMask = 2147483647;
			files = (
			);
			runOnlyForDeploymentPostprocessing = 0;
		};
/* End PBXResourcesBuildPhase section */

/* Begin PBXSourcesBuildPhase section */
		69BA6F6625CDF98600228B01 /* Sources */ = {
			isa = PBXSourcesBuildPhase;
			buildActionMask = 2147483647;
			files = (
				69BA6F7425CDF98600228B01 /* GameScene.swift in Sources */,
				695C117E25D3428400F45D70 /* CardModel.swift in Sources */,
				695C114D25D2836A00F45D70 /* ViewRouter.swift in Sources */,
				695C11A125D3A4DB00F45D70 /* AddPlayersView.swift in Sources */,
				695C118625D3449100F45D70 /* CardData.swift in Sources */,
				695C117425D2BA2800F45D70 /* PlayerHandsView.swift in Sources */,
				69BA701125D0A90100228B01 /* PlayingCard.swift in Sources */,
				695C115225D2839800F45D70 /* MotherView.swift in Sources */,
				695C116525D292B700F45D70 /* GreaterOrLessView.swift in Sources */,
				69BA6F6E25CDF98600228B01 /* AppDelegate.swift in Sources */,
				695C116F25D2B3BF00F45D70 /* PickSuitView.swift in Sources */,
				69BA701B25D0AD5F00228B01 /* PlayingCardDeck.swift in Sources */,
				695C119325D3604500F45D70 /* PlayerModel.swift in Sources */,
				695C110525D10CF500F45D70 /* PlayerGroup.swift in Sources */,
				695C118B25D34E2500F45D70 /* DeckModel.swift in Sources */,
				69BA703F25D0E73400228B01 /* Player.swift in Sources */,
				695C116A25D29FD600F45D70 /* InsideOrOutsideView.swift in Sources */,
				695C114825D2831700F45D70 /* Helper.swift in Sources */,
				695C115725D283F800F45D70 /* RideTheDrinkingGameApp.swift in Sources */,
				695C111E25D220D000F45D70 /* BlackOrRedView.swift in Sources */,
			);
			runOnlyForDeploymentPostprocessing = 0;
		};
		69BA6F7D25CDF98E00228B01 /* Sources */ = {
			isa = PBXSourcesBuildPhase;
			buildActionMask = 2147483647;
			files = (
				69BA6F8625CDF98E00228B01 /* RideTheBusDrinkingGameTests.swift in Sources */,
			);
			runOnlyForDeploymentPostprocessing = 0;
		};
		69BA6F8825CDF98E00228B01 /* Sources */ = {
			isa = PBXSourcesBuildPhase;
			buildActionMask = 2147483647;
			files = (
				69BA6F9125CDF98E00228B01 /* RideTheBusDrinkingGameUITests.swift in Sources */,
			);
			runOnlyForDeploymentPostprocessing = 0;
		};
/* End PBXSourcesBuildPhase section */

/* Begin PBXTargetDependency section */
		69BA6F8325CDF98E00228B01 /* PBXTargetDependency */ = {
			isa = PBXTargetDependency;
			target = 69BA6F6925CDF98600228B01 /* RideTheBusDrinkingGame */;
			targetProxy = 69BA6F8225CDF98E00228B01 /* PBXContainerItemProxy */;
		};
		69BA6F8E25CDF98E00228B01 /* PBXTargetDependency */ = {
			isa = PBXTargetDependency;
			target = 69BA6F6925CDF98600228B01 /* RideTheBusDrinkingGame */;
			targetProxy = 69BA6F8D25CDF98E00228B01 /* PBXContainerItemProxy */;
		};
/* End PBXTargetDependency section */

/* Begin PBXVariantGroup section */
		69BA6F7725CDF98600228B01 /* Main.storyboard */ = {
			isa = PBXVariantGroup;
			children = (
				69BA6F7825CDF98600228B01 /* Base */,
			);
			name = Main.storyboard;
			sourceTree = "<group>";
		};
/* End PBXVariantGroup section */

/* Begin XCBuildConfiguration section */
		69BA6F9325CDF98E00228B01 /* Debug */ = {
			isa = XCBuildConfiguration;
			buildSettings = {
				ALWAYS_SEARCH_USER_PATHS = NO;
				CLANG_ANALYZER_NONNULL = YES;
				CLANG_ANALYZER_NUMBER_OBJECT_CONVERSION = YES_AGGRESSIVE;
				CLANG_CXX_LANGUAGE_STANDARD = "gnu++14";
				CLANG_CXX_LIBRARY = "libc++";
				CLANG_ENABLE_MODULES = YES;
				CLANG_ENABLE_OBJC_ARC = YES;
				CLANG_ENABLE_OBJC_WEAK = YES;
				CLANG_WARN_BLOCK_CAPTURE_AUTORELEASING = YES;
				CLANG_WARN_BOOL_CONVERSION = YES;
				CLANG_WARN_COMMA = YES;
				CLANG_WARN_CONSTANT_CONVERSION = YES;
				CLANG_WARN_DEPRECATED_OBJC_IMPLEMENTATIONS = YES;
				CLANG_WARN_DIRECT_OBJC_ISA_USAGE = YES_ERROR;
				CLANG_WARN_DOCUMENTATION_COMMENTS = YES;
				CLANG_WARN_EMPTY_BODY = YES;
				CLANG_WARN_ENUM_CONVERSION = YES;
				CLANG_WARN_INFINITE_RECURSION = YES;
				CLANG_WARN_INT_CONVERSION = YES;
				CLANG_WARN_NON_LITERAL_NULL_CONVERSION = YES;
				CLANG_WARN_OBJC_IMPLICIT_RETAIN_SELF = YES;
				CLANG_WARN_OBJC_LITERAL_CONVERSION = YES;
				CLANG_WARN_OBJC_ROOT_CLASS = YES_ERROR;
				CLANG_WARN_QUOTED_INCLUDE_IN_FRAMEWORK_HEADER = YES;
				CLANG_WARN_RANGE_LOOP_ANALYSIS = YES;
				CLANG_WARN_STRICT_PROTOTYPES = YES;
				CLANG_WARN_SUSPICIOUS_MOVE = YES;
				CLANG_WARN_UNGUARDED_AVAILABILITY = YES_AGGRESSIVE;
				CLANG_WARN_UNREACHABLE_CODE = YES;
				CLANG_WARN__DUPLICATE_METHOD_MATCH = YES;
				COPY_PHASE_STRIP = NO;
				DEBUG_INFORMATION_FORMAT = dwarf;
				ENABLE_STRICT_OBJC_MSGSEND = YES;
				ENABLE_TESTABILITY = YES;
				GCC_C_LANGUAGE_STANDARD = gnu11;
				GCC_DYNAMIC_NO_PIC = NO;
				GCC_NO_COMMON_BLOCKS = YES;
				GCC_OPTIMIZATION_LEVEL = 0;
				GCC_PREPROCESSOR_DEFINITIONS = (
					"DEBUG=1",
					"$(inherited)",
				);
				GCC_WARN_64_TO_32_BIT_CONVERSION = YES;
				GCC_WARN_ABOUT_RETURN_TYPE = YES_ERROR;
				GCC_WARN_UNDECLARED_SELECTOR = YES;
				GCC_WARN_UNINITIALIZED_AUTOS = YES_AGGRESSIVE;
				GCC_WARN_UNUSED_FUNCTION = YES;
				GCC_WARN_UNUSED_VARIABLE = YES;
				IPHONEOS_DEPLOYMENT_TARGET = 14.1;
				MTL_ENABLE_DEBUG_INFO = INCLUDE_SOURCE;
				MTL_FAST_MATH = YES;
				ONLY_ACTIVE_ARCH = YES;
				SDKROOT = iphoneos;
				SWIFT_ACTIVE_COMPILATION_CONDITIONS = DEBUG;
				SWIFT_OPTIMIZATION_LEVEL = "-Onone";
			};
			name = Debug;
		};
		69BA6F9425CDF98E00228B01 /* Release */ = {
			isa = XCBuildConfiguration;
			buildSettings = {
				ALWAYS_SEARCH_USER_PATHS = NO;
				CLANG_ANALYZER_NONNULL = YES;
				CLANG_ANALYZER_NUMBER_OBJECT_CONVERSION = YES_AGGRESSIVE;
				CLANG_CXX_LANGUAGE_STANDARD = "gnu++14";
				CLANG_CXX_LIBRARY = "libc++";
				CLANG_ENABLE_MODULES = YES;
				CLANG_ENABLE_OBJC_ARC = YES;
				CLANG_ENABLE_OBJC_WEAK = YES;
				CLANG_WARN_BLOCK_CAPTURE_AUTORELEASING = YES;
				CLANG_WARN_BOOL_CONVERSION = YES;
				CLANG_WARN_COMMA = YES;
				CLANG_WARN_CONSTANT_CONVERSION = YES;
				CLANG_WARN_DEPRECATED_OBJC_IMPLEMENTATIONS = YES;
				CLANG_WARN_DIRECT_OBJC_ISA_USAGE = YES_ERROR;
				CLANG_WARN_DOCUMENTATION_COMMENTS = YES;
				CLANG_WARN_EMPTY_BODY = YES;
				CLANG_WARN_ENUM_CONVERSION = YES;
				CLANG_WARN_INFINITE_RECURSION = YES;
				CLANG_WARN_INT_CONVERSION = YES;
				CLANG_WARN_NON_LITERAL_NULL_CONVERSION = YES;
				CLANG_WARN_OBJC_IMPLICIT_RETAIN_SELF = YES;
				CLANG_WARN_OBJC_LITERAL_CONVERSION = YES;
				CLANG_WARN_OBJC_ROOT_CLASS = YES_ERROR;
				CLANG_WARN_QUOTED_INCLUDE_IN_FRAMEWORK_HEADER = YES;
				CLANG_WARN_RANGE_LOOP_ANALYSIS = YES;
				CLANG_WARN_STRICT_PROTOTYPES = YES;
				CLANG_WARN_SUSPICIOUS_MOVE = YES;
				CLANG_WARN_UNGUARDED_AVAILABILITY = YES_AGGRESSIVE;
				CLANG_WARN_UNREACHABLE_CODE = YES;
				CLANG_WARN__DUPLICATE_METHOD_MATCH = YES;
				COPY_PHASE_STRIP = NO;
				DEBUG_INFORMATION_FORMAT = "dwarf-with-dsym";
				ENABLE_NS_ASSERTIONS = NO;
				ENABLE_STRICT_OBJC_MSGSEND = YES;
				GCC_C_LANGUAGE_STANDARD = gnu11;
				GCC_NO_COMMON_BLOCKS = YES;
				GCC_WARN_64_TO_32_BIT_CONVERSION = YES;
				GCC_WARN_ABOUT_RETURN_TYPE = YES_ERROR;
				GCC_WARN_UNDECLARED_SELECTOR = YES;
				GCC_WARN_UNINITIALIZED_AUTOS = YES_AGGRESSIVE;
				GCC_WARN_UNUSED_FUNCTION = YES;
				GCC_WARN_UNUSED_VARIABLE = YES;
				IPHONEOS_DEPLOYMENT_TARGET = 14.1;
				MTL_ENABLE_DEBUG_INFO = NO;
				MTL_FAST_MATH = YES;
				SDKROOT = iphoneos;
				SWIFT_COMPILATION_MODE = wholemodule;
				SWIFT_OPTIMIZATION_LEVEL = "-O";
				VALIDATE_PRODUCT = YES;
			};
			name = Release;
		};
		69BA6F9625CDF98E00228B01 /* Debug */ = {
			isa = XCBuildConfiguration;
			buildSettings = {
				ASSETCATALOG_COMPILER_APPICON_NAME = AppIcon;
				ASSETCATALOG_COMPILER_GLOBAL_ACCENT_COLOR_NAME = AccentColor;
				CLANG_ENABLE_MODULES = YES;
				CODE_SIGN_STYLE = Automatic;
				DEVELOPMENT_TEAM = QS74BPCQZE;
				INFOPLIST_FILE = RideTheBusDrinkingGame/Info.plist;
				IPHONEOS_DEPLOYMENT_TARGET = 14.1;
				LD_RUNPATH_SEARCH_PATHS = (
					"$(inherited)",
					"@executable_path/Frameworks",
				);
				PRODUCT_BUNDLE_IDENTIFIER = com.albertoruiz.RideTheBusDrinkingGame;
				PRODUCT_NAME = "$(TARGET_NAME)";
				SWIFT_OBJC_BRIDGING_HEADER = "";
				SWIFT_OPTIMIZATION_LEVEL = "-Onone";
				SWIFT_VERSION = 5.0;
				TARGETED_DEVICE_FAMILY = "1,2";
			};
			name = Debug;
		};
		69BA6F9725CDF98E00228B01 /* Release */ = {
			isa = XCBuildConfiguration;
			buildSettings = {
				ASSETCATALOG_COMPILER_APPICON_NAME = AppIcon;
				ASSETCATALOG_COMPILER_GLOBAL_ACCENT_COLOR_NAME = AccentColor;
				CLANG_ENABLE_MODULES = YES;
				CODE_SIGN_STYLE = Automatic;
				DEVELOPMENT_TEAM = QS74BPCQZE;
				INFOPLIST_FILE = RideTheBusDrinkingGame/Info.plist;
				IPHONEOS_DEPLOYMENT_TARGET = 14.1;
				LD_RUNPATH_SEARCH_PATHS = (
					"$(inherited)",
					"@executable_path/Frameworks",
				);
				PRODUCT_BUNDLE_IDENTIFIER = com.albertoruiz.RideTheBusDrinkingGame;
				PRODUCT_NAME = "$(TARGET_NAME)";
				SWIFT_OBJC_BRIDGING_HEADER = "";
				SWIFT_VERSION = 5.0;
				TARGETED_DEVICE_FAMILY = "1,2";
			};
			name = Release;
		};
		69BA6F9925CDF98E00228B01 /* Debug */ = {
			isa = XCBuildConfiguration;
			buildSettings = {
				ALWAYS_EMBED_SWIFT_STANDARD_LIBRARIES = YES;
				BUNDLE_LOADER = "$(TEST_HOST)";
				CODE_SIGN_STYLE = Automatic;
				DEVELOPMENT_TEAM = QS74BPCQZE;
				INFOPLIST_FILE = RideTheBusDrinkingGameTests/Info.plist;
				IPHONEOS_DEPLOYMENT_TARGET = 14.1;
				LD_RUNPATH_SEARCH_PATHS = (
					"$(inherited)",
					"@executable_path/Frameworks",
					"@loader_path/Frameworks",
				);
				PRODUCT_BUNDLE_IDENTIFIER = com.albertoruiz.RideTheBusDrinkingGameTests;
				PRODUCT_NAME = "$(TARGET_NAME)";
				SWIFT_VERSION = 5.0;
				TARGETED_DEVICE_FAMILY = "1,2";
				TEST_HOST = "$(BUILT_PRODUCTS_DIR)/RideTheBusDrinkingGame.app/RideTheBusDrinkingGame";
			};
			name = Debug;
		};
		69BA6F9A25CDF98E00228B01 /* Release */ = {
			isa = XCBuildConfiguration;
			buildSettings = {
				ALWAYS_EMBED_SWIFT_STANDARD_LIBRARIES = YES;
				BUNDLE_LOADER = "$(TEST_HOST)";
				CODE_SIGN_STYLE = Automatic;
				DEVELOPMENT_TEAM = QS74BPCQZE;
				INFOPLIST_FILE = RideTheBusDrinkingGameTests/Info.plist;
				IPHONEOS_DEPLOYMENT_TARGET = 14.1;
				LD_RUNPATH_SEARCH_PATHS = (
					"$(inherited)",
					"@executable_path/Frameworks",
					"@loader_path/Frameworks",
				);
				PRODUCT_BUNDLE_IDENTIFIER = com.albertoruiz.RideTheBusDrinkingGameTests;
				PRODUCT_NAME = "$(TARGET_NAME)";
				SWIFT_VERSION = 5.0;
				TARGETED_DEVICE_FAMILY = "1,2";
				TEST_HOST = "$(BUILT_PRODUCTS_DIR)/RideTheBusDrinkingGame.app/RideTheBusDrinkingGame";
			};
			name = Release;
		};
		69BA6F9C25CDF98E00228B01 /* Debug */ = {
			isa = XCBuildConfiguration;
			buildSettings = {
				ALWAYS_EMBED_SWIFT_STANDARD_LIBRARIES = YES;
				CODE_SIGN_STYLE = Automatic;
				DEVELOPMENT_TEAM = QS74BPCQZE;
				INFOPLIST_FILE = RideTheBusDrinkingGameUITests/Info.plist;
				IPHONEOS_DEPLOYMENT_TARGET = 14.1;
				LD_RUNPATH_SEARCH_PATHS = (
					"$(inherited)",
					"@executable_path/Frameworks",
					"@loader_path/Frameworks",
				);
				PRODUCT_BUNDLE_IDENTIFIER = com.albertoruiz.RideTheBusDrinkingGameUITests;
				PRODUCT_NAME = "$(TARGET_NAME)";
				SWIFT_VERSION = 5.0;
				TARGETED_DEVICE_FAMILY = "1,2";
				TEST_TARGET_NAME = RideTheBusDrinkingGame;
			};
			name = Debug;
		};
		69BA6F9D25CDF98E00228B01 /* Release */ = {
			isa = XCBuildConfiguration;
			buildSettings = {
				ALWAYS_EMBED_SWIFT_STANDARD_LIBRARIES = YES;
				CODE_SIGN_STYLE = Automatic;
				DEVELOPMENT_TEAM = QS74BPCQZE;
				INFOPLIST_FILE = RideTheBusDrinkingGameUITests/Info.plist;
				IPHONEOS_DEPLOYMENT_TARGET = 14.1;
				LD_RUNPATH_SEARCH_PATHS = (
					"$(inherited)",
					"@executable_path/Frameworks",
					"@loader_path/Frameworks",
				);
				PRODUCT_BUNDLE_IDENTIFIER = com.albertoruiz.RideTheBusDrinkingGameUITests;
				PRODUCT_NAME = "$(TARGET_NAME)";
				SWIFT_VERSION = 5.0;
				TARGETED_DEVICE_FAMILY = "1,2";
				TEST_TARGET_NAME = RideTheBusDrinkingGame;
			};
			name = Release;
		};
/* End XCBuildConfiguration section */

/* Begin XCConfigurationList section */
		69BA6F6525CDF98500228B01 /* Build configuration list for PBXProject "RideTheBusDrinkingGame" */ = {
			isa = XCConfigurationList;
			buildConfigurations = (
				69BA6F9325CDF98E00228B01 /* Debug */,
				69BA6F9425CDF98E00228B01 /* Release */,
			);
			defaultConfigurationIsVisible = 0;
			defaultConfigurationName = Release;
		};
		69BA6F9525CDF98E00228B01 /* Build configuration list for PBXNativeTarget "RideTheBusDrinkingGame" */ = {
			isa = XCConfigurationList;
			buildConfigurations = (
				69BA6F9625CDF98E00228B01 /* Debug */,
				69BA6F9725CDF98E00228B01 /* Release */,
			);
			defaultConfigurationIsVisible = 0;
			defaultConfigurationName = Release;
		};
		69BA6F9825CDF98E00228B01 /* Build configuration list for PBXNativeTarget "RideTheBusDrinkingGameTests" */ = {
			isa = XCConfigurationList;
			buildConfigurations = (
				69BA6F9925CDF98E00228B01 /* Debug */,
				69BA6F9A25CDF98E00228B01 /* Release */,
			);
			defaultConfigurationIsVisible = 0;
			defaultConfigurationName = Release;
		};
		69BA6F9B25CDF98E00228B01 /* Build configuration list for PBXNativeTarget "RideTheBusDrinkingGameUITests" */ = {
			isa = XCConfigurationList;
			buildConfigurations = (
				69BA6F9C25CDF98E00228B01 /* Debug */,
				69BA6F9D25CDF98E00228B01 /* Release */,
			);
			defaultConfigurationIsVisible = 0;
			defaultConfigurationName = Release;
		};
/* End XCConfigurationList section */
	};
	rootObject = 69BA6F6225CDF98500228B01 /* Project object */;
}
